
Microsoft Visual Studio Solution File, Format Version 12.00
# Visual Studio 15
VisualStudioVersion = 15.0.28307.645
MinimumVisualStudioVersion = 10.0.40219.1
Project("{FAE04EC0-301F-11D3-BF4B-00C04F79EFBC}") = "TravelRecord.Android", "TravelRecord\TravelRecord.Android\TravelRecord.Android.csproj", "{9525BB52-45D8-45AA-88F3-6C558B28F44F}"
EndProject
Project("{FAE04EC0-301F-11D3-BF4B-00C04F79EFBC}") = "TravelRecord.iOS", "TravelRecord\TravelRecord.iOS\TravelRecord.iOS.csproj", "{8CD5D5B0-133A-4325-95D0-56E9963C8696}"
EndProject
Project("{FAE04EC0-301F-11D3-BF4B-00C04F79EFBC}") = "TravelRecord.UWP", "TravelRecord\TravelRecord.UWP\TravelRecord.UWP.csproj", "{05A2267E-9D73-4A5E-96D8-D498EBB71920}"
EndProject
Project("{FAE04EC0-301F-11D3-BF4B-00C04F79EFBC}") = "TravelRecord", "TravelRecord\TravelRecord\TravelRecord.csproj", "{2B598362-157E-41F1-A7A7-B2A989D55B91}"
EndProject
Global
	GlobalSection(SolutionConfigurationPlatforms) = preSolution
		Ad-Hoc|Any CPU = Ad-Hoc|Any CPU
		Ad-Hoc|ARM = Ad-Hoc|ARM
		Ad-Hoc|iPhone = Ad-Hoc|iPhone
		Ad-Hoc|iPhoneSimulator = Ad-Hoc|iPhoneSimulator
		Ad-Hoc|x64 = Ad-Hoc|x64
		Ad-Hoc|x86 = Ad-Hoc|x86
		AppStore|Any CPU = AppStore|Any CPU
		AppStore|ARM = AppStore|ARM
		AppStore|iPhone = AppStore|iPhone
		AppStore|iPhoneSimulator = AppStore|iPhoneSimulator
		AppStore|x64 = AppStore|x64
		AppStore|x86 = AppStore|x86
		Debug|Any CPU = Debug|Any CPU
		Debug|ARM = Debug|ARM
		Debug|iPhone = Debug|iPhone
		Debug|iPhoneSimulator = Debug|iPhoneSimulator
		Debug|x64 = Debug|x64
		Debug|x86 = Debug|x86
		Release|Any CPU = Release|Any CPU
		Release|ARM = Release|ARM
		Release|iPhone = Release|iPhone
		Release|iPhoneSimulator = Release|iPhoneSimulator
		Release|x64 = Release|x64
		Release|x86 = Release|x86
	EndGlobalSection
	GlobalSection(ProjectConfigurationPlatforms) = postSolution
		{9525BB52-45D8-45AA-88F3-6C558B28F44F}.Ad-Hoc|Any CPU.ActiveCfg = Release|Any CPU
		{9525BB52-45D8-45AA-88F3-6C558B28F44F}.Ad-Hoc|Any CPU.Build.0 = Release|Any CPU
		{9525BB52-45D8-45AA-88F3-6C558B28F44F}.Ad-Hoc|Any CPU.Deploy.0 = Release|Any CPU
		{9525BB52-45D8-45AA-88F3-6C558B28F44F}.Ad-Hoc|ARM.ActiveCfg = Release|Any CPU
		{9525BB52-45D8-45AA-88F3-6C558B28F44F}.Ad-Hoc|ARM.Build.0 = Release|Any CPU
		{9525BB52-45D8-45AA-88F3-6C558B28F44F}.Ad-Hoc|ARM.Deploy.0 = Release|Any CPU
		{9525BB52-45D8-45AA-88F3-6C558B28F44F}.Ad-Hoc|iPhone.ActiveCfg = Release|Any CPU
		{9525BB52-45D8-45AA-88F3-6C558B28F44F}.Ad-Hoc|iPhone.Build.0 = Release|Any CPU
		{9525BB52-45D8-45AA-88F3-6C558B28F44F}.Ad-Hoc|iPhone.Deploy.0 = Release|Any CPU
		{9525BB52-45D8-45AA-88F3-6C558B28F44F}.Ad-Hoc|iPhoneSimulator.ActiveCfg = Release|Any CPU
		{9525BB52-45D8-45AA-88F3-6C558B28F44F}.Ad-Hoc|iPhoneSimulator.Build.0 = Release|Any CPU
		{9525BB52-45D8-45AA-88F3-6C558B28F44F}.Ad-Hoc|iPhoneSimulator.Deploy.0 = Release|Any CPU
		{9525BB52-45D8-45AA-88F3-6C558B28F44F}.Ad-Hoc|x64.ActiveCfg = Release|Any CPU
		{9525BB52-45D8-45AA-88F3-6C558B28F44F}.Ad-Hoc|x64.Build.0 = Release|Any CPU
		{9525BB52-45D8-45AA-88F3-6C558B28F44F}.Ad-Hoc|x64.Deploy.0 = Release|Any CPU
		{9525BB52-45D8-45AA-88F3-6C558B28F44F}.Ad-Hoc|x86.ActiveCfg = Release|Any CPU
		{9525BB52-45D8-45AA-88F3-6C558B28F44F}.Ad-Hoc|x86.Build.0 = Release|Any CPU
		{9525BB52-45D8-45AA-88F3-6C558B28F44F}.Ad-Hoc|x86.Deploy.0 = Release|Any CPU
		{9525BB52-45D8-45AA-88F3-6C558B28F44F}.AppStore|Any CPU.ActiveCfg = Release|Any CPU
		{9525BB52-45D8-45AA-88F3-6C558B28F44F}.AppStore|Any CPU.Build.0 = Release|Any CPU
		{9525BB52-45D8-45AA-88F3-6C558B28F44F}.AppStore|Any CPU.Deploy.0 = Release|Any CPU
		{9525BB52-45D8-45AA-88F3-6C558B28F44F}.AppStore|ARM.ActiveCfg = Release|Any CPU
		{9525BB52-45D8-45AA-88F3-6C558B28F44F}.AppStore|ARM.Build.0 = Release|Any CPU
		{9525BB52-45D8-45AA-88F3-6C558B28F44F}.AppStore|ARM.Deploy.0 = Release|Any CPU
		{9525BB52-45D8-45AA-88F3-6C558B28F44F}.AppStore|iPhone.ActiveCfg = Release|Any CPU
		{9525BB52-45D8-45AA-88F3-6C558B28F44F}.AppStore|iPhone.Build.0 = Release|Any CPU
		{9525BB52-45D8-45AA-88F3-6C558B28F44F}.AppStore|iPhone.Deploy.0 = Release|Any CPU
		{9525BB52-45D8-45AA-88F3-6C558B28F44F}.AppStore|iPhoneSimulator.ActiveCfg = Release|Any CPU
		{9525BB52-45D8-45AA-88F3-6C558B28F44F}.AppStore|iPhoneSimulator.Build.0 = Release|Any CPU
		{9525BB52-45D8-45AA-88F3-6C558B28F44F}.AppStore|iPhoneSimulator.Deploy.0 = Release|Any CPU
		{9525BB52-45D8-45AA-88F3-6C558B28F44F}.AppStore|x64.ActiveCfg = Release|Any CPU
		{9525BB52-45D8-45AA-88F3-6C558B28F44F}.AppStore|x64.Build.0 = Release|Any CPU
		{9525BB52-45D8-45AA-88F3-6C558B28F44F}.AppStore|x64.Deploy.0 = Release|Any CPU
		{9525BB52-45D8-45AA-88F3-6C558B28F44F}.AppStore|x86.ActiveCfg = Release|Any CPU
		{9525BB52-45D8-45AA-88F3-6C558B28F44F}.AppStore|x86.Build.0 = Release|Any CPU
		{9525BB52-45D8-45AA-88F3-6C558B28F44F}.AppStore|x86.Deploy.0 = Release|Any CPU
		{9525BB52-45D8-45AA-88F3-6C558B28F44F}.Debug|Any CPU.ActiveCfg = Debug|Any CPU
		{9525BB52-45D8-45AA-88F3-6C558B28F44F}.Debug|Any CPU.Build.0 = Debug|Any CPU
		{9525BB52-45D8-45AA-88F3-6C558B28F44F}.Debug|Any CPU.Deploy.0 = Debug|Any CPU
		{9525BB52-45D8-45AA-88F3-6C558B28F44F}.Debug|ARM.ActiveCfg = Debug|Any CPU
		{9525BB52-45D8-45AA-88F3-6C558B28F44F}.Debug|ARM.Build.0 = Debug|Any CPU
		{9525BB52-45D8-45AA-88F3-6C558B28F44F}.Debug|ARM.Deploy.0 = Debug|Any CPU
		{9525BB52-45D8-45AA-88F3-6C558B28F44F}.Debug|iPhone.ActiveCfg = Debug|Any CPU
		{9525BB52-45D8-45AA-88F3-6C558B28F44F}.Debug|iPhone.Build.0 = Debug|Any CPU
		{9525BB52-45D8-45AA-88F3-6C558B28F44F}.Debug|iPhone.Deploy.0 = Debug|Any CPU
		{9525BB52-45D8-45AA-88F3-6C558B28F44F}.Debug|iPhoneSimulator.ActiveCfg = Debug|Any CPU
		{9525BB52-45D8-45AA-88F3-6C558B28F44F}.Debug|iPhoneSimulator.Build.0 = Debug|Any CPU
		{9525BB52-45D8-45AA-88F3-6C558B28F44F}.Debug|iPhoneSimulator.Deploy.0 = Debug|Any CPU
		{9525BB52-45D8-45AA-88F3-6C558B28F44F}.Debug|x64.ActiveCfg = Debug|Any CPU
		{9525BB52-45D8-45AA-88F3-6C558B28F44F}.Debug|x64.Build.0 = Debug|Any CPU
		{9525BB52-45D8-45AA-88F3-6C558B28F44F}.Debug|x64.Deploy.0 = Debug|Any CPU
		{9525BB52-45D8-45AA-88F3-6C558B28F44F}.Debug|x86.ActiveCfg = Debug|Any CPU
		{9525BB52-45D8-45AA-88F3-6C558B28F44F}.Debug|x86.Build.0 = Debug|Any CPU
		{9525BB52-45D8-45AA-88F3-6C558B28F44F}.Debug|x86.Deploy.0 = Debug|Any CPU
		{9525BB52-45D8-45AA-88F3-6C558B28F44F}.Release|Any CPU.ActiveCfg = Release|Any CPU
		{9525BB52-45D8-45AA-88F3-6C558B28F44F}.Release|Any CPU.Build.0 = Release|Any CPU
		{9525BB52-45D8-45AA-88F3-6C558B28F44F}.Release|Any CPU.Deploy.0 = Release|Any CPU
		{9525BB52-45D8-45AA-88F3-6C558B28F44F}.Release|ARM.ActiveCfg = Release|Any CPU
		{9525BB52-45D8-45AA-88F3-6C558B28F44F}.Release|ARM.Build.0 = Release|Any CPU
		{9525BB52-45D8-45AA-88F3-6C558B28F44F}.Release|ARM.Deploy.0 = Release|Any CPU
		{9525BB52-45D8-45AA-88F3-6C558B28F44F}.Release|iPhone.ActiveCfg = Release|Any CPU
		{9525BB52-45D8-45AA-88F3-6C558B28F44F}.Release|iPhone.Build.0 = Release|Any CPU
		{9525BB52-45D8-45AA-88F3-6C558B28F44F}.Release|iPhone.Deploy.0 = Release|Any CPU
		{9525BB52-45D8-45AA-88F3-6C558B28F44F}.Release|iPhoneSimulator.ActiveCfg = Release|Any CPU
		{9525BB52-45D8-45AA-88F3-6C558B28F44F}.Release|iPhoneSimulator.Build.0 = Release|Any CPU
		{9525BB52-45D8-45AA-88F3-6C558B28F44F}.Release|iPhoneSimulator.Deploy.0 = Release|Any CPU
		{9525BB52-45D8-45AA-88F3-6C558B28F44F}.Release|x64.ActiveCfg = Release|Any CPU
		{9525BB52-45D8-45AA-88F3-6C558B28F44F}.Release|x64.Build.0 = Release|Any CPU
		{9525BB52-45D8-45AA-88F3-6C558B28F44F}.Release|x64.Deploy.0 = Release|Any CPU
		{9525BB52-45D8-45AA-88F3-6C558B28F44F}.Release|x86.ActiveCfg = Release|Any CPU
		{9525BB52-45D8-45AA-88F3-6C558B28F44F}.Release|x86.Build.0 = Release|Any CPU
		{9525BB52-45D8-45AA-88F3-6C558B28F44F}.Release|x86.Deploy.0 = Release|Any CPU
		{8CD5D5B0-133A-4325-95D0-56E9963C8696}.Ad-Hoc|Any CPU.ActiveCfg = Ad-Hoc|iPhone
		{8CD5D5B0-133A-4325-95D0-56E9963C8696}.Ad-Hoc|Any CPU.Build.0 = Ad-Hoc|iPhone
		{8CD5D5B0-133A-4325-95D0-56E9963C8696}.Ad-Hoc|Any CPU.Deploy.0 = Ad-Hoc|iPhone
		{8CD5D5B0-133A-4325-95D0-56E9963C8696}.Ad-Hoc|ARM.ActiveCfg = Ad-Hoc|iPhone
		{8CD5D5B0-133A-4325-95D0-56E9963C8696}.Ad-Hoc|ARM.Build.0 = Ad-Hoc|iPhone
		{8CD5D5B0-133A-4325-95D0-56E9963C8696}.Ad-Hoc|ARM.Deploy.0 = Ad-Hoc|iPhone
		{8CD5D5B0-133A-4325-95D0-56E9963C8696}.Ad-Hoc|iPhone.ActiveCfg = Ad-Hoc|iPhone
		{8CD5D5B0-133A-4325-95D0-56E9963C8696}.Ad-Hoc|iPhone.Build.0 = Ad-Hoc|iPhone
		{8CD5D5B0-133A-4325-95D0-56E9963C8696}.Ad-Hoc|iPhone.Deploy.0 = Ad-Hoc|iPhone
		{8CD5D5B0-133A-4325-95D0-56E9963C8696}.Ad-Hoc|iPhoneSimulator.ActiveCfg = Ad-Hoc|iPhoneSimulator
		{8CD5D5B0-133A-4325-95D0-56E9963C8696}.Ad-Hoc|iPhoneSimulator.Build.0 = Ad-Hoc|iPhoneSimulator
		{8CD5D5B0-133A-4325-95D0-56E9963C8696}.Ad-Hoc|iPhoneSimulator.Deploy.0 = Ad-Hoc|iPhoneSimulator
		{8CD5D5B0-133A-4325-95D0-56E9963C8696}.Ad-Hoc|x64.ActiveCfg = Ad-Hoc|iPhone
		{8CD5D5B0-133A-4325-95D0-56E9963C8696}.Ad-Hoc|x64.Build.0 = Ad-Hoc|iPhone
		{8CD5D5B0-133A-4325-95D0-56E9963C8696}.Ad-Hoc|x64.Deploy.0 = Ad-Hoc|iPhone
		{8CD5D5B0-133A-4325-95D0-56E9963C8696}.Ad-Hoc|x86.ActiveCfg = Ad-Hoc|iPhone
		{8CD5D5B0-133A-4325-95D0-56E9963C8696}.Ad-Hoc|x86.Build.0 = Ad-Hoc|iPhone
		{8CD5D5B0-133A-4325-95D0-56E9963C8696}.Ad-Hoc|x86.Deploy.0 = Ad-Hoc|iPhone
		{8CD5D5B0-133A-4325-95D0-56E9963C8696}.AppStore|Any CPU.ActiveCfg = AppStore|iPhone
		{8CD5D5B0-133A-4325-95D0-56E9963C8696}.AppStore|Any CPU.Build.0 = AppStore|iPhone
		{8CD5D5B0-133A-4325-95D0-56E9963C8696}.AppStore|Any CPU.Deploy.0 = AppStore|iPhone
		{8CD5D5B0-133A-4325-95D0-56E9963C8696}.AppStore|ARM.ActiveCfg = AppStore|iPhone
		{8CD5D5B0-133A-4325-95D0-56E9963C8696}.AppStore|ARM.Build.0 = AppStore|iPhone
		{8CD5D5B0-133A-4325-95D0-56E9963C8696}.AppStore|ARM.Deploy.0 = AppStore|iPhone
		{8CD5D5B0-133A-4325-95D0-56E9963C8696}.AppStore|iPhone.ActiveCfg = AppStore|iPhone
		{8CD5D5B0-133A-4325-95D0-56E9963C8696}.AppStore|iPhone.Build.0 = AppStore|iPhone
		{8CD5D5B0-133A-4325-95D0-56E9963C8696}.AppStore|iPhone.Deploy.0 = AppStore|iPhone
		{8CD5D5B0-133A-4325-95D0-56E9963C8696}.AppStore|iPhoneSimulator.ActiveCfg = AppStore|iPhoneSimulator
		{8CD5D5B0-133A-4325-95D0-56E9963C8696}.AppStore|iPhoneSimulator.Build.0 = AppStore|iPhoneSimulator
		{8CD5D5B0-133A-4325-95D0-56E9963C8696}.AppStore|iPhoneSimulator.Deploy.0 = AppStore|iPhoneSimulator
		{8CD5D5B0-133A-4325-95D0-56E9963C8696}.AppStore|x64.ActiveCfg = AppStore|iPhone
		{8CD5D5B0-133A-4325-95D0-56E9963C8696}.AppStore|x64.Build.0 = AppStore|iPhone
		{8CD5D5B0-133A-4325-95D0-56E9963C8696}.AppStore|x64.Deploy.0 = AppStore|iPhone
		{8CD5D5B0-133A-4325-95D0-56E9963C8696}.AppStore|x86.ActiveCfg = AppStore|iPhone
		{8CD5D5B0-133A-4325-95D0-56E9963C8696}.AppStore|x86.Build.0 = AppStore|iPhone
		{8CD5D5B0-133A-4325-95D0-56E9963C8696}.AppStore|x86.Deploy.0 = AppStore|iPhone
		{8CD5D5B0-133A-4325-95D0-56E9963C8696}.Debug|Any CPU.ActiveCfg = Debug|iPhoneSimulator
		{8CD5D5B0-133A-4325-95D0-56E9963C8696}.Debug|Any CPU.Build.0 = Debug|iPhoneSimulator
		{8CD5D5B0-133A-4325-95D0-56E9963C8696}.Debug|Any CPU.Deploy.0 = Debug|iPhoneSimulator
		{8CD5D5B0-133A-4325-95D0-56E9963C8696}.Debug|ARM.ActiveCfg = Debug|iPhone
		{8CD5D5B0-133A-4325-95D0-56E9963C8696}.Debug|ARM.Build.0 = Debug|iPhone
		{8CD5D5B0-133A-4325-95D0-56E9963C8696}.Debug|ARM.Deploy.0 = Debug|iPhone
		{8CD5D5B0-133A-4325-95D0-56E9963C8696}.Debug|iPhone.ActiveCfg = Debug|iPhone
		{8CD5D5B0-133A-4325-95D0-56E9963C8696}.Debug|iPhone.Build.0 = Debug|iPhone
		{8CD5D5B0-133A-4325-95D0-56E9963C8696}.Debug|iPhone.Deploy.0 = Debug|iPhone
		{8CD5D5B0-133A-4325-95D0-56E9963C8696}.Debug|iPhoneSimulator.ActiveCfg = Debug|iPhoneSimulator
		{8CD5D5B0-133A-4325-95D0-56E9963C8696}.Debug|iPhoneSimulator.Build.0 = Debug|iPhoneSimulator
		{8CD5D5B0-133A-4325-95D0-56E9963C8696}.Debug|iPhoneSimulator.Deploy.0 = Debug|iPhoneSimulator
		{8CD5D5B0-133A-4325-95D0-56E9963C8696}.Debug|x64.ActiveCfg = Debug|iPhone
		{8CD5D5B0-133A-4325-95D0-56E9963C8696}.Debug|x64.Build.0 = Debug|iPhone
		{8CD5D5B0-133A-4325-95D0-56E9963C8696}.Debug|x64.Deploy.0 = Debug|iPhone
		{8CD5D5B0-133A-4325-95D0-56E9963C8696}.Debug|x86.ActiveCfg = Debug|iPhone
		{8CD5D5B0-133A-4325-95D0-56E9963C8696}.Debug|x86.Build.0 = Debug|iPhone
		{8CD5D5B0-133A-4325-95D0-56E9963C8696}.Debug|x86.Deploy.0 = Debug|iPhone
		{8CD5D5B0-133A-4325-95D0-56E9963C8696}.Release|Any CPU.ActiveCfg = Release|iPhone
		{8CD5D5B0-133A-4325-95D0-56E9963C8696}.Release|Any CPU.Build.0 = Release|iPhone
		{8CD5D5B0-133A-4325-95D0-56E9963C8696}.Release|Any CPU.Deploy.0 = Release|iPhone
		{8CD5D5B0-133A-4325-95D0-56E9963C8696}.Release|ARM.ActiveCfg = Release|iPhone
		{8CD5D5B0-133A-4325-95D0-56E9963C8696}.Release|ARM.Build.0 = Release|iPhone
		{8CD5D5B0-133A-4325-95D0-56E9963C8696}.Release|ARM.Deploy.0 = Release|iPhone
		{8CD5D5B0-133A-4325-95D0-56E9963C8696}.Release|iPhone.ActiveCfg = Release|iPhone
		{8CD5D5B0-133A-4325-95D0-56E9963C8696}.Release|iPhone.Build.0 = Release|iPhone
		{8CD5D5B0-133A-4325-95D0-56E9963C8696}.Release|iPhone.Deploy.0 = Release|iPhone
		{8CD5D5B0-133A-4325-95D0-56E9963C8696}.Release|iPhoneSimulator.ActiveCfg = Release|iPhoneSimulator
		{8CD5D5B0-133A-4325-95D0-56E9963C8696}.Release|iPhoneSimulator.Build.0 = Release|iPhoneSimulator
		{8CD5D5B0-133A-4325-95D0-56E9963C8696}.Release|iPhoneSimulator.Deploy.0 = Release|iPhoneSimulator
		{8CD5D5B0-133A-4325-95D0-56E9963C8696}.Release|x64.ActiveCfg = Release|iPhone
		{8CD5D5B0-133A-4325-95D0-56E9963C8696}.Release|x64.Build.0 = Release|iPhone
		{8CD5D5B0-133A-4325-95D0-56E9963C8696}.Release|x64.Deploy.0 = Release|iPhone
		{8CD5D5B0-133A-4325-95D0-56E9963C8696}.Release|x86.ActiveCfg = Release|iPhone
		{8CD5D5B0-133A-4325-95D0-56E9963C8696}.Release|x86.Build.0 = Release|iPhone
		{8CD5D5B0-133A-4325-95D0-56E9963C8696}.Release|x86.Deploy.0 = Release|iPhone
		{05A2267E-9D73-4A5E-96D8-D498EBB71920}.Ad-Hoc|Any CPU.ActiveCfg = Release|x86
		{05A2267E-9D73-4A5E-96D8-D498EBB71920}.Ad-Hoc|Any CPU.Build.0 = Release|x86
		{05A2267E-9D73-4A5E-96D8-D498EBB71920}.Ad-Hoc|Any CPU.Deploy.0 = Release|x86
		{05A2267E-9D73-4A5E-96D8-D498EBB71920}.Ad-Hoc|ARM.ActiveCfg = Release|ARM
		{05A2267E-9D73-4A5E-96D8-D498EBB71920}.Ad-Hoc|ARM.Build.0 = Release|ARM
		{05A2267E-9D73-4A5E-96D8-D498EBB71920}.Ad-Hoc|ARM.Deploy.0 = Release|ARM
		{05A2267E-9D73-4A5E-96D8-D498EBB71920}.Ad-Hoc|iPhone.ActiveCfg = Release|x86
		{05A2267E-9D73-4A5E-96D8-D498EBB71920}.Ad-Hoc|iPhone.Build.0 = Release|x86
		{05A2267E-9D73-4A5E-96D8-D498EBB71920}.Ad-Hoc|iPhone.Deploy.0 = Release|x86
		{05A2267E-9D73-4A5E-96D8-D498EBB71920}.Ad-Hoc|iPhoneSimulator.ActiveCfg = Release|x86
		{05A2267E-9D73-4A5E-96D8-D498EBB71920}.Ad-Hoc|iPhoneSimulator.Build.0 = Release|x86
		{05A2267E-9D73-4A5E-96D8-D498EBB71920}.Ad-Hoc|iPhoneSimulator.Deploy.0 = Release|x86
		{05A2267E-9D73-4A5E-96D8-D498EBB71920}.Ad-Hoc|x64.ActiveCfg = Release|x64
		{05A2267E-9D73-4A5E-96D8-D498EBB71920}.Ad-Hoc|x64.Build.0 = Release|x64
		{05A2267E-9D73-4A5E-96D8-D498EBB71920}.Ad-Hoc|x64.Deploy.0 = Release|x64
		{05A2267E-9D73-4A5E-96D8-D498EBB71920}.Ad-Hoc|x86.ActiveCfg = Release|x86
		{05A2267E-9D73-4A5E-96D8-D498EBB71920}.Ad-Hoc|x86.Build.0 = Release|x86
		{05A2267E-9D73-4A5E-96D8-D498EBB71920}.Ad-Hoc|x86.Deploy.0 = Release|x86
		{05A2267E-9D73-4A5E-96D8-D498EBB71920}.AppStore|Any CPU.ActiveCfg = Release|x86
		{05A2267E-9D73-4A5E-96D8-D498EBB71920}.AppStore|Any CPU.Build.0 = Release|x86
		{05A2267E-9D73-4A5E-96D8-D498EBB71920}.AppStore|Any CPU.Deploy.0 = Release|x86
		{05A2267E-9D73-4A5E-96D8-D498EBB71920}.AppStore|ARM.ActiveCfg = Release|ARM
		{05A2267E-9D73-4A5E-96D8-D498EBB71920}.AppStore|ARM.Build.0 = Release|ARM
		{05A2267E-9D73-4A5E-96D8-D498EBB71920}.AppStore|ARM.Deploy.0 = Release|ARM
		{05A2267E-9D73-4A5E-96D8-D498EBB71920}.AppStore|iPhone.ActiveCfg = Release|x86
		{05A2267E-9D73-4A5E-96D8-D498EBB71920}.AppStore|iPhone.Build.0 = Release|x86
		{05A2267E-9D73-4A5E-96D8-D498EBB71920}.AppStore|iPhone.Deploy.0 = Release|x86
		{05A2267E-9D73-4A5E-96D8-D498EBB71920}.AppStore|iPhoneSimulator.ActiveCfg = Release|x86
		{05A2267E-9D73-4A5E-96D8-D498EBB71920}.AppStore|iPhoneSimulator.Build.0 = Release|x86
		{05A2267E-9D73-4A5E-96D8-D498EBB71920}.AppStore|iPhoneSimulator.Deploy.0 = Release|x86
		{05A2267E-9D73-4A5E-96D8-D498EBB71920}.AppStore|x64.ActiveCfg = Release|x64
		{05A2267E-9D73-4A5E-96D8-D498EBB71920}.AppStore|x64.Build.0 = Release|x64
		{05A2267E-9D73-4A5E-96D8-D498EBB71920}.AppStore|x64.Deploy.0 = Release|x64
		{05A2267E-9D73-4A5E-96D8-D498EBB71920}.AppStore|x86.ActiveCfg = Release|x86
		{05A2267E-9D73-4A5E-96D8-D498EBB71920}.AppStore|x86.Build.0 = Release|x86
		{05A2267E-9D73-4A5E-96D8-D498EBB71920}.AppStore|x86.Deploy.0 = Release|x86
		{05A2267E-9D73-4A5E-96D8-D498EBB71920}.Debug|Any CPU.ActiveCfg = Debug|x86
		{05A2267E-9D73-4A5E-96D8-D498EBB71920}.Debug|Any CPU.Build.0 = Debug|x86
		{05A2267E-9D73-4A5E-96D8-D498EBB71920}.Debug|Any CPU.Deploy.0 = Debug|x86
		{05A2267E-9D73-4A5E-96D8-D498EBB71920}.Debug|ARM.ActiveCfg = Debug|ARM
		{05A2267E-9D73-4A5E-96D8-D498EBB71920}.Debug|ARM.Build.0 = Debug|ARM
		{05A2267E-9D73-4A5E-96D8-D498EBB71920}.Debug|ARM.Deploy.0 = Debug|ARM
		{05A2267E-9D73-4A5E-96D8-D498EBB71920}.Debug|iPhone.ActiveCfg = Debug|x86
		{05A2267E-9D73-4A5E-96D8-D498EBB71920}.Debug|iPhone.Build.0 = Debug|x86
		{05A2267E-9D73-4A5E-96D8-D498EBB71920}.Debug|iPhone.Deploy.0 = Debug|x86
		{05A2267E-9D73-4A5E-96D8-D498EBB71920}.Debug|iPhoneSimulator.ActiveCfg = Debug|x86
		{05A2267E-9D73-4A5E-96D8-D498EBB71920}.Debug|iPhoneSimulator.Build.0 = Debug|x86
		{05A2267E-9D73-4A5E-96D8-D498EBB71920}.Debug|iPhoneSimulator.Deploy.0 = Debug|x86
		{05A2267E-9D73-4A5E-96D8-D498EBB71920}.Debug|x64.ActiveCfg = Debug|x64
		{05A2267E-9D73-4A5E-96D8-D498EBB71920}.Debug|x64.Build.0 = Debug|x64
		{05A2267E-9D73-4A5E-96D8-D498EBB71920}.Debug|x64.Deploy.0 = Debug|x64
		{05A2267E-9D73-4A5E-96D8-D498EBB71920}.Debug|x86.ActiveCfg = Debug|x86
		{05A2267E-9D73-4A5E-96D8-D498EBB71920}.Debug|x86.Build.0 = Debug|x86
		{05A2267E-9D73-4A5E-96D8-D498EBB71920}.Debug|x86.Deploy.0 = Debug|x86
		{05A2267E-9D73-4A5E-96D8-D498EBB71920}.Release|Any CPU.ActiveCfg = Release|x86
		{05A2267E-9D73-4A5E-96D8-D498EBB71920}.Release|Any CPU.Build.0 = Release|x86
		{05A2267E-9D73-4A5E-96D8-D498EBB71920}.Release|Any CPU.Deploy.0 = Release|x86
		{05A2267E-9D73-4A5E-96D8-D498EBB71920}.Release|ARM.ActiveCfg = Release|ARM
		{05A2267E-9D73-4A5E-96D8-D498EBB71920}.Release|ARM.Build.0 = Release|ARM
		{05A2267E-9D73-4A5E-96D8-D498EBB71920}.Release|ARM.Deploy.0 = Release|ARM
		{05A2267E-9D73-4A5E-96D8-D498EBB71920}.Release|iPhone.ActiveCfg = Release|x86
		{05A2267E-9D73-4A5E-96D8-D498EBB71920}.Release|iPhone.Build.0 = Release|x86
		{05A2267E-9D73-4A5E-96D8-D498EBB71920}.Release|iPhone.Deploy.0 = Release|x86
		{05A2267E-9D73-4A5E-96D8-D498EBB71920}.Release|iPhoneSimulator.ActiveCfg = Release|x86
		{05A2267E-9D73-4A5E-96D8-D498EBB71920}.Release|iPhoneSimulator.Build.0 = Release|x86
		{05A2267E-9D73-4A5E-96D8-D498EBB71920}.Release|iPhoneSimulator.Deploy.0 = Release|x86
		{05A2267E-9D73-4A5E-96D8-D498EBB71920}.Release|x64.ActiveCfg = Release|x64
		{05A2267E-9D73-4A5E-96D8-D498EBB71920}.Release|x64.Build.0 = Release|x64
		{05A2267E-9D73-4A5E-96D8-D498EBB71920}.Release|x64.Deploy.0 = Release|x64
		{05A2267E-9D73-4A5E-96D8-D498EBB71920}.Release|x86.ActiveCfg = Release|x86
		{05A2267E-9D73-4A5E-96D8-D498EBB71920}.Release|x86.Build.0 = Release|x86
		{05A2267E-9D73-4A5E-96D8-D498EBB71920}.Release|x86.Deploy.0 = Release|x86
		{2B598362-157E-41F1-A7A7-B2A989D55B91}.Ad-Hoc|Any CPU.ActiveCfg = Debug|Any CPU
		{2B598362-157E-41F1-A7A7-B2A989D55B91}.Ad-Hoc|Any CPU.Build.0 = Debug|Any CPU
		{2B598362-157E-41F1-A7A7-B2A989D55B91}.Ad-Hoc|Any CPU.Deploy.0 = Debug|Any CPU
		{2B598362-157E-41F1-A7A7-B2A989D55B91}.Ad-Hoc|ARM.ActiveCfg = Debug|Any CPU
		{2B598362-157E-41F1-A7A7-B2A989D55B91}.Ad-Hoc|ARM.Build.0 = Debug|Any CPU
		{2B598362-157E-41F1-A7A7-B2A989D55B91}.Ad-Hoc|ARM.Deploy.0 = Debug|Any CPU
		{2B598362-157E-41F1-A7A7-B2A989D55B91}.Ad-Hoc|iPhone.ActiveCfg = Debug|Any CPU
		{2B598362-157E-41F1-A7A7-B2A989D55B91}.Ad-Hoc|iPhone.Build.0 = Debug|Any CPU
		{2B598362-157E-41F1-A7A7-B2A989D55B91}.Ad-Hoc|iPhone.Deploy.0 = Debug|Any CPU
		{2B598362-157E-41F1-A7A7-B2A989D55B91}.Ad-Hoc|iPhoneSimulator.ActiveCfg = Debug|Any CPU
		{2B598362-157E-41F1-A7A7-B2A989D55B91}.Ad-Hoc|iPhoneSimulator.Build.0 = Debug|Any CPU
		{2B598362-157E-41F1-A7A7-B2A989D55B91}.Ad-Hoc|iPhoneSimulator.Deploy.0 = Debug|Any CPU
		{2B598362-157E-41F1-A7A7-B2A989D55B91}.Ad-Hoc|x64.ActiveCfg = Debug|Any CPU
		{2B598362-157E-41F1-A7A7-B2A989D55B91}.Ad-Hoc|x64.Build.0 = Debug|Any CPU
		{2B598362-157E-41F1-A7A7-B2A989D55B91}.Ad-Hoc|x64.Deploy.0 = Debug|Any CPU
		{2B598362-157E-41F1-A7A7-B2A989D55B91}.Ad-Hoc|x86.ActiveCfg = Debug|Any CPU
		{2B598362-157E-41F1-A7A7-B2A989D55B91}.Ad-Hoc|x86.Build.0 = Debug|Any CPU
		{2B598362-157E-41F1-A7A7-B2A989D55B91}.Ad-Hoc|x86.Deploy.0 = Debug|Any CPU
		{2B598362-157E-41F1-A7A7-B2A989D55B91}.AppStore|Any CPU.ActiveCfg = Debug|Any CPU
		{2B598362-157E-41F1-A7A7-B2A989D55B91}.AppStore|Any CPU.Build.0 = Debug|Any CPU
		{2B598362-157E-41F1-A7A7-B2A989D55B91}.AppStore|Any CPU.Deploy.0 = Debug|Any CPU
		{2B598362-157E-41F1-A7A7-B2A989D55B91}.AppStore|ARM.ActiveCfg = Debug|Any CPU
		{2B598362-157E-41F1-A7A7-B2A989D55B91}.AppStore|ARM.Build.0 = Debug|Any CPU
		{2B598362-157E-41F1-A7A7-B2A989D55B91}.AppStore|ARM.Deploy.0 = Debug|Any CPU
		{2B598362-157E-41F1-A7A7-B2A989D55B91}.AppStore|iPhone.ActiveCfg = Debug|Any CPU
		{2B598362-157E-41F1-A7A7-B2A989D55B91}.AppStore|iPhone.Build.0 = Debug|Any CPU
		{2B598362-157E-41F1-A7A7-B2A989D55B91}.AppStore|iPhone.Deploy.0 = Debug|Any CPU
		{2B598362-157E-41F1-A7A7-B2A989D55B91}.AppStore|iPhoneSimulator.ActiveCfg = Debug|Any CPU
		{2B598362-157E-41F1-A7A7-B2A989D55B91}.AppStore|iPhoneSimulator.Build.0 = Debug|Any CPU
		{2B598362-157E-41F1-A7A7-B2A989D55B91}.AppStore|iPhoneSimulator.Deploy.0 = Debug|Any CPU
		{2B598362-157E-41F1-A7A7-B2A989D55B91}.AppStore|x64.ActiveCfg = Debug|Any CPU
		{2B598362-157E-41F1-A7A7-B2A989D55B91}.AppStore|x64.Build.0 = Debug|Any CPU
		{2B598362-157E-41F1-A7A7-B2A989D55B91}.AppStore|x64.Deploy.0 = Debug|Any CPU
		{2B598362-157E-41F1-A7A7-B2A989D55B91}.AppStore|x86.ActiveCfg = Debug|Any CPU
		{2B598362-157E-41F1-A7A7-B2A989D55B91}.AppStore|x86.Build.0 = Debug|Any CPU
		{2B598362-157E-41F1-A7A7-B2A989D55B91}.AppStore|x86.Deploy.0 = Debug|Any CPU
		{2B598362-157E-41F1-A7A7-B2A989D55B91}.Debug|Any CPU.ActiveCfg = Debug|Any CPU
		{2B598362-157E-41F1-A7A7-B2A989D55B91}.Debug|Any CPU.Build.0 = Debug|Any CPU
		{2B598362-157E-41F1-A7A7-B2A989D55B91}.Debug|Any CPU.Deploy.0 = Debug|Any CPU
		{2B598362-157E-41F1-A7A7-B2A989D55B91}.Debug|ARM.ActiveCfg = Debug|Any CPU
		{2B598362-157E-41F1-A7A7-B2A989D55B91}.Debug|ARM.Build.0 = Debug|Any CPU
		{2B598362-157E-41F1-A7A7-B2A989D55B91}.Debug|ARM.Deploy.0 = Debug|Any CPU
		{2B598362-157E-41F1-A7A7-B2A989D55B91}.Debug|iPhone.ActiveCfg = Debug|Any CPU
		{2B598362-157E-41F1-A7A7-B2A989D55B91}.Debug|iPhone.Build.0 = Debug|Any CPU
		{2B598362-157E-41F1-A7A7-B2A989D55B91}.Debug|iPhone.Deploy.0 = Debug|Any CPU
		{2B598362-157E-41F1-A7A7-B2A989D55B91}.Debug|iPhoneSimulator.ActiveCfg = Debug|Any CPU
		{2B598362-157E-41F1-A7A7-B2A989D55B91}.Debug|iPhoneSimulator.Build.0 = Debug|Any CPU
		{2B598362-157E-41F1-A7A7-B2A989D55B91}.Debug|iPhoneSimulator.Deploy.0 = Debug|Any CPU
		{2B598362-157E-41F1-A7A7-B2A989D55B91}.Debug|x64.ActiveCfg = Debug|Any CPU
		{2B598362-157E-41F1-A7A7-B2A989D55B91}.Debug|x64.Build.0 = Debug|Any CPU
		{2B598362-157E-41F1-A7A7-B2A989D55B91}.Debug|x64.Deploy.0 = Debug|Any CPU
		{2B598362-157E-41F1-A7A7-B2A989D55B91}.Debug|x86.ActiveCfg = Debug|Any CPU
		{2B598362-157E-41F1-A7A7-B2A989D55B91}.Debug|x86.Build.0 = Debug|Any CPU
		{2B598362-157E-41F1-A7A7-B2A989D55B91}.Debug|x86.Deploy.0 = Debug|Any CPU
		{2B598362-157E-41F1-A7A7-B2A989D55B91}.Release|Any CPU.ActiveCfg = Release|Any CPU
		{2B598362-157E-41F1-A7A7-B2A989D55B91}.Release|Any CPU.Build.0 = Release|Any CPU
		{2B598362-157E-41F1-A7A7-B2A989D55B91}.Release|Any CPU.Deploy.0 = Release|Any CPU
		{2B598362-157E-41F1-A7A7-B2A989D55B91}.Release|ARM.ActiveCfg = Release|Any CPU
		{2B598362-157E-41F1-A7A7-B2A989D55B91}.Release|ARM.Build.0 = Release|Any CPU
		{2B598362-157E-41F1-A7A7-B2A989D55B91}.Release|ARM.Deploy.0 = Release|Any CPU
		{2B598362-157E-41F1-A7A7-B2A989D55B91}.Release|iPhone.ActiveCfg = Release|Any CPU
		{2B598362-157E-41F1-A7A7-B2A989D55B91}.Release|iPhone.Build.0 = Release|Any CPU
		{2B598362-157E-41F1-A7A7-B2A989D55B91}.Release|iPhone.Deploy.0 = Release|Any CPU
		{2B598362-157E-41F1-A7A7-B2A989D55B91}.Release|iPhoneSimulator.ActiveCfg = Release|Any CPU
		{2B598362-157E-41F1-A7A7-B2A989D55B91}.Release|iPhoneSimulator.Build.0 = Release|Any CPU
		{2B598362-157E-41F1-A7A7-B2A989D55B91}.Release|iPhoneSimulator.Deploy.0 = Release|Any CPU
		{2B598362-157E-41F1-A7A7-B2A989D55B91}.Release|x64.ActiveCfg = Release|Any CPU
		{2B598362-157E-41F1-A7A7-B2A989D55B91}.Release|x64.Build.0 = Release|Any CPU
		{2B598362-157E-41F1-A7A7-B2A989D55B91}.Release|x64.Deploy.0 = Release|Any CPU
		{2B598362-157E-41F1-A7A7-B2A989D55B91}.Release|x86.ActiveCfg = Release|Any CPU
		{2B598362-157E-41F1-A7A7-B2A989D55B91}.Release|x86.Build.0 = Release|Any CPU
		{2B598362-157E-41F1-A7A7-B2A989D55B91}.Release|x86.Deploy.0 = Release|Any CPU
	EndGlobalSection
	GlobalSection(SolutionProperties) = preSolution
		HideSolutionNode = FALSE
	EndGlobalSection
	GlobalSection(ExtensibilityGlobals) = postSolution
		SolutionGuid = {4A951EB9-FAE9-4772-B951-0963F7703D7C}
	EndGlobalSection
EndGlobal
